lockfileVersion: '9.0'

settings:
  autoInstallPeers: true
  excludeLinksFromLockfile: false

importers:

  .:
    dependencies:
      crc-32:
        specifier: ^1.2.2
        version: 1.2.2
      filesize:
        specifier: ^11.0.2
        version: 11.0.2
      tough-cookie:
        specifier: ^6.0.0
        version: 6.0.0
      undici:
        specifier: ^7.12.0
        version: 7.12.0

packages:

  crc-32@1.2.2:
    resolution: {integrity: sha512-ROmzCKrTnOwybPcJApAA6WBWij23HVfGVNKqqrZpuyZOHqK2CwHSvpGuyt/UNNvaIjEd8X5IFGp4Mh+Ie1IHJQ==}
    engines: {node: '>=0.8'}
    hasBin: true

  filesize@11.0.2:
    resolution: {integrity: sha512-s/iAeeWLk5BschUIpmdrF8RA8lhFZ/xDZgKw1Tan72oGws1/dFGB06nYEiyyssWUfjKNQTNRlrwMVjO9/hvXDw==}
    engines: {node: '>= 10.4.0'}

  tldts-core@7.0.11:
    resolution: {integrity: sha512-65eeOpBwWBabh0XqT+zB0vEllq/V3XcrF2fhgMXWWFfNw1yxEjeYg9Vv/B/UNozd0CTR/TohO1ubfn6O6mBW3w==}

  tldts@7.0.11:
    resolution: {integrity: sha512-7k7JV/LZpGhFUu2t+YDaMZ1wdPPRNpaCYNQ0NQbSLY3Rbgy+XbCdkXyqRiS9TLXiYAsrv0yiA0OvnxmgRFCdNA==}
    hasBin: true

  tough-cookie@6.0.0:
    resolution: {integrity: sha512-kXuRi1mtaKMrsLUxz3sQYvVl37B0Ns6MzfrtV5DvJceE9bPyspOqk9xxv7XbZWcfLWbFmm997vl83qUWVJA64w==}
    engines: {node: '>=16'}

  undici@7.12.0:
    resolution: {integrity: sha512-GrKEsc3ughskmGA9jevVlIOPMiiAHJ4OFUtaAH+NhfTUSiZ1wMPIQqQvAJUrJspFXJt3EBWgpAeoHEDVT1IBug==}
    engines: {node: '>=20.18.1'}

snapshots:

  crc-32@1.2.2: {}

  filesize@11.0.2: {}

  tldts-core@7.0.11: {}

  tldts@7.0.11:
    dependencies:
      tldts-core: 7.0.11

  tough-cookie@6.0.0:
    dependencies:
      tldts: 7.0.11

  undici@7.12.0: {}
